
Microsoft Visual Studio Solution File, Format Version 12.00
# Visual Studio Version 17
VisualStudioVersion = 17.3.32819.101
MinimumVisualStudioVersion = 10.0.40219.1
Project("{FAE04EC0-301F-11D3-BF4B-00C04F79EFBC}") = "uppgift2.15", "uppgift2.15\uppgift2.15.csproj", "{5164BD15-6ED4-4A65-8AF2-2AB5B08ED577}"
EndProject
Global
	GlobalSection(SolutionConfigurationPlatforms) = preSolution
		Debug|Any CPU = Debug|Any CPU
		Release|Any CPU = Release|Any CPU
	EndGlobalSection
	GlobalSection(ProjectConfigurationPlatforms) = postSolution
		{5164BD15-6ED4-4A65-8AF2-2AB5B08ED577}.Debug|Any CPU.ActiveCfg = Debug|Any CPU
		{5164BD15-6ED4-4A65-8AF2-2AB5B08ED577}.Debug|Any CPU.Build.0 = Debug|Any CPU
		{5164BD15-6ED4-4A65-8AF2-2AB5B08ED577}.Release|Any CPU.ActiveCfg = Release|Any CPU
		{5164BD15-6ED4-4A65-8AF2-2AB5B08ED577}.Release|Any CPU.Build.0 = Release|Any CPU
	EndGlobalSection
	GlobalSection(SolutionProperties) = preSolution
		HideSolutionNode = FALSE
	EndGlobalSection
	GlobalSection(ExtensibilityGlobals) = postSolution
		SolutionGuid = {7746B1DA-0E18-4B10-A16C-8D38A869488A}
	EndGlobalSection
EndGlobal
